Microsoft Visual Studio Solution File, Format Version 12.00
# Visual Studio Version 17
VisualStudioVersion = 17.5.2.0
MinimumVisualStudioVersion = 10.0.40219.1
Project("{FAE04EC0-301F-11D3-BF4B-00C04F79EFBC}") = "BadgerClanAPI", "BadgerClanAPI.csproj", "{FE542DE7-DF8D-D93E-EAF4-2D4975873898}"
EndProject
Global
	GlobalSection(SolutionConfigurationPlatforms) = preSolution
		Debug|Any CPU = Debug|Any CPU
		Release|Any CPU = Release|Any CPU
	EndGlobalSection
	GlobalSection(ProjectConfigurationPlatforms) = postSolution
		{FE542DE7-DF8D-D93E-EAF4-2D4975873898}.Debug|Any CPU.ActiveCfg = Debug|Any CPU
		{FE542DE7-DF8D-D93E-EAF4-2D4975873898}.Debug|Any CPU.Build.0 = Debug|Any CPU
		{FE542DE7-DF8D-D93E-EAF4-2D4975873898}.Release|Any CPU.ActiveCfg = Release|Any CPU
		{FE542DE7-DF8D-D93E-EAF4-2D4975873898}.Release|Any CPU.Build.0 = Release|Any CPU
	EndGlobalSection
	GlobalSection(SolutionProperties) = preSolution
		HideSolutionNode = FALSE
	EndGlobalSection
	GlobalSection(ExtensibilityGlobals) = postSolution
		SolutionGuid = {3E81C2CC-5816-4B02-B701-1BDA7450C770}
	EndGlobalSection
EndGlobal
